
Microsoft Visual Studio Solution File, Format Version 12.00
# Visual Studio Version 16
VisualStudioVersion = 16.0.30907.101
MinimumVisualStudioVersion = 10.0.40219.1
Project("{FAE04EC0-301F-11D3-BF4B-00C04F79EFBC}") = "AnagramService", "AnagramService\AnagramService.csproj", "{3755856B-0393-40FB-9786-1F9802A890A2}"
EndProject
Project("{FAE04EC0-301F-11D3-BF4B-00C04F79EFBC}") = "Client", "Client\Client.csproj", "{C8B00F16-5AA0-4A1F-8495-437B8818DA88}"
	ProjectSection(ProjectDependencies) = postProject
		{3755856B-0393-40FB-9786-1F9802A890A2} = {3755856B-0393-40FB-9786-1F9802A890A2}
	EndProjectSection
EndProject
Global
	GlobalSection(SolutionConfigurationPlatforms) = preSolution
		Debug|Any CPU = Debug|Any CPU
		Release|Any CPU = Release|Any CPU
	EndGlobalSection
	GlobalSection(ProjectConfigurationPlatforms) = postSolution
		{3755856B-0393-40FB-9786-1F9802A890A2}.Debug|Any CPU.ActiveCfg = Debug|Any CPU
		{3755856B-0393-40FB-9786-1F9802A890A2}.Debug|Any CPU.Build.0 = Debug|Any CPU
		{3755856B-0393-40FB-9786-1F9802A890A2}.Release|Any CPU.ActiveCfg = Release|Any CPU
		{3755856B-0393-40FB-9786-1F9802A890A2}.Release|Any CPU.Build.0 = Release|Any CPU
		{C8B00F16-5AA0-4A1F-8495-437B8818DA88}.Debug|Any CPU.ActiveCfg = Debug|Any CPU
		{C8B00F16-5AA0-4A1F-8495-437B8818DA88}.Debug|Any CPU.Build.0 = Debug|Any CPU
		{C8B00F16-5AA0-4A1F-8495-437B8818DA88}.Release|Any CPU.ActiveCfg = Release|Any CPU
		{C8B00F16-5AA0-4A1F-8495-437B8818DA88}.Release|Any CPU.Build.0 = Release|Any CPU
	EndGlobalSection
	GlobalSection(SolutionProperties) = preSolution
		HideSolutionNode = FALSE
	EndGlobalSection
	GlobalSection(ExtensibilityGlobals) = postSolution
		SolutionGuid = {1E8682A9-9D49-4866-B279-0F1982F85DCA}
	EndGlobalSection
EndGlobal
